
Microsoft Visual Studio Solution File, Format Version 12.00
# Visual Studio 15
VisualStudioVersion = 15.0.28010.2041
MinimumVisualStudioVersion = 10.0.40219.1
Project("{FAE04EC0-301F-11D3-BF4B-00C04F79EFBC}") = "VisualCryptoTest", "VisualCryptoTest\VisualCryptoTest.csproj", "{E26B495C-75AD-4399-B814-D635E9693D99}"
EndProject
Global
	GlobalSection(SolutionConfigurationPlatforms) = preSolution
		Debug|Any CPU = Debug|Any CPU
		Release|Any CPU = Release|Any CPU
	EndGlobalSection
	GlobalSection(ProjectConfigurationPlatforms) = postSolution
		{E26B495C-75AD-4399-B814-D635E9693D99}.Debug|Any CPU.ActiveCfg = Debug|Any CPU
		{E26B495C-75AD-4399-B814-D635E9693D99}.Debug|Any CPU.Build.0 = Debug|Any CPU
		{E26B495C-75AD-4399-B814-D635E9693D99}.Release|Any CPU.ActiveCfg = Release|Any CPU
		{E26B495C-75AD-4399-B814-D635E9693D99}.Release|Any CPU.Build.0 = Release|Any CPU
	EndGlobalSection
	GlobalSection(SolutionProperties) = preSolution
		HideSolutionNode = FALSE
	EndGlobalSection
	GlobalSection(ExtensibilityGlobals) = postSolution
		SolutionGuid = {FDA3F492-F8DF-471E-934F-B8901D64D1E5}
	EndGlobalSection
EndGlobal
